// !$*UTF8*$!
{
	archiveVersion = 1;
	classes = {
	};
	objectVersion = 46;
	objects = {

/* Begin PBXBuildFile section */
		312FCDD427514A34A8E33623 /* Music in Resources */ = {isa = PBXBuildFile; fileRef = 312FC0870DBC0EF4F946EC49 /* Music */; };
		6288FB211CAC8BA50083B611 /* Utilities.m in Sources */ = {isa = PBXBuildFile; fileRef = 6288FB1F1CAC8BA50083B611 /* Utilities.m */; };
		6288FB261CAC98B20083B611 /* AudioToolbox.framework in Frameworks */ = {isa = PBXBuildFile; fileRef = 6288FB251CAC98B20083B611 /* AudioToolbox.framework */; };
		6288FB611CACFC840083B611 /* FileSpliter.m in Sources */ = {isa = PBXBuildFile; fileRef = 6288FB1B1CAC8BA50083B611 /* FileSpliter.m */; };
		A6C6111E1C897A8000F82F6E /* RatingControl.swift in Sources */ = {isa = PBXBuildFile; fileRef = A6C6111D1C897A8000F82F6E /* RatingControl.swift */; };
		A6D315961C7A786D00B5EF9D /* AppDelegate.swift in Sources */ = {isa = PBXBuildFile; fileRef = A6D315951C7A786D00B5EF9D /* AppDelegate.swift */; };
		A6D3159B1C7A786D00B5EF9D /* Main.storyboard in Resources */ = {isa = PBXBuildFile; fileRef = A6D315991C7A786D00B5EF9D /* Main.storyboard */; };
		A6D3159E1C7A786D00B5EF9D /* MixItApp.xcdatamodeld in Sources */ = {isa = PBXBuildFile; fileRef = A6D3159C1C7A786D00B5EF9D /* MixItApp.xcdatamodeld */; };
		A6D315A01C7A786D00B5EF9D /* Assets.xcassets in Resources */ = {isa = PBXBuildFile; fileRef = A6D3159F1C7A786D00B5EF9D /* Assets.xcassets */; };
		A6D315AE1C7A786D00B5EF9D /* MixItAppTests.swift in Sources */ = {isa = PBXBuildFile; fileRef = A6D315AD1C7A786D00B5EF9D /* MixItAppTests.swift */; };
		A6D315B91C7A786D00B5EF9D /* MixItAppUITests.swift in Sources */ = {isa = PBXBuildFile; fileRef = A6D315B81C7A786D00B5EF9D /* MixItAppUITests.swift */; };
		A6D315C71C7A78BD00B5EF9D /* AVFoundation.framework in Frameworks */ = {isa = PBXBuildFile; fileRef = A6D315C61C7A78BD00B5EF9D /* AVFoundation.framework */; };
		A6D315CB1C7A7C4400B5EF9D /* MediaPlayerViewController.swift in Sources */ = {isa = PBXBuildFile; fileRef = A6D315CA1C7A7C4400B5EF9D /* MediaPlayerViewController.swift */; };
		B2CD8B091C7EB6E6006C0470 /* LaunchScreen.storyboard in Resources */ = {isa = PBXBuildFile; fileRef = B2CD8B081C7EB6E6006C0470 /* LaunchScreen.storyboard */; };
		CDC12B671C8FC15A00F668CD /* AMTSoundPicker.swift in Sources */ = {isa = PBXBuildFile; fileRef = CDC12B5D1C8FC15A00F668CD /* AMTSoundPicker.swift */; };
		CDC12B681C8FC15A00F668CD /* AMTTrackManager.swift in Sources */ = {isa = PBXBuildFile; fileRef = CDC12B5E1C8FC15A00F668CD /* AMTTrackManager.swift */; };
		CDC12B691C8FC15A00F668CD /* Common.swift in Sources */ = {isa = PBXBuildFile; fileRef = CDC12B5F1C8FC15A00F668CD /* Common.swift */; };
		CDC12B6A1C8FC15A00F668CD /* IVMAlertController.swift in Sources */ = {isa = PBXBuildFile; fileRef = CDC12B601C8FC15A00F668CD /* IVMAlertController.swift */; };
		CDC12B6C1C8FC15A00F668CD /* ProjectManager.swift in Sources */ = {isa = PBXBuildFile; fileRef = CDC12B631C8FC15A00F668CD /* ProjectManager.swift */; };
		CDC12B6D1C8FC15A00F668CD /* TSLibraryImport.m in Sources */ = {isa = PBXBuildFile; fileRef = CDC12B651C8FC15A00F668CD /* TSLibraryImport.m */; };
		CDC12B6E1C8FC15A00F668CD /* Utility.swift in Sources */ = {isa = PBXBuildFile; fileRef = CDC12B661C8FC15A00F668CD /* Utility.swift */; };
		CDC12B771C8FC16600F668CD /* DSActivityView.m in Sources */ = {isa = PBXBuildFile; fileRef = CDC12B721C8FC16600F668CD /* DSActivityView.m */; };
		CDC12B781C8FC16600F668CD /* OpenProjectVC.swift in Sources */ = {isa = PBXBuildFile; fileRef = CDC12B731C8FC16600F668CD /* OpenProjectVC.swift */; };
		CDC12B791C8FC16600F668CD /* TrackCell.swift in Sources */ = {isa = PBXBuildFile; fileRef = CDC12B741C8FC16600F668CD /* TrackCell.swift */; };
		CDC12B7B1C8FC16600F668CD /* TracksVC.swift in Sources */ = {isa = PBXBuildFile; fileRef = CDC12B761C8FC16600F668CD /* TracksVC.swift */; };
		CDC12B891C8FDE5C00F668CD /* ViewController.swift in Sources */ = {isa = PBXBuildFile; fileRef = CDC12B881C8FDE5C00F668CD /* ViewController.swift */; };
/* End PBXBuildFile section */

/* Begin PBXContainerItemProxy section */
		A6D315AA1C7A786D00B5EF9D /* PBXContainerItemProxy */ = {
			isa = PBXContainerItemProxy;
			containerPortal = A6D3158A1C7A786D00B5EF9D /* Project object */;
			proxyType = 1;
			remoteGlobalIDString = A6D315911C7A786D00B5EF9D;
			remoteInfo = MixItApp;
		};
		A6D315B51C7A786D00B5EF9D /* PBXContainerItemProxy */ = {
			isa = PBXContainerItemProxy;
			containerPortal = A6D3158A1C7A786D00B5EF9D /* Project object */;
			proxyType = 1;
			remoteGlobalIDString = A6D315911C7A786D00B5EF9D;
			remoteInfo = MixItApp;
		};
/* End PBXContainerItemProxy section */

/* Begin PBXFileReference section */
		312FC0870DBC0EF4F946EC49 /* Music */ = {isa = PBXFileReference; lastKnownFileType = folder; path = Music; sourceTree = "<group>"; };
		6288FB1B1CAC8BA50083B611 /* FileSpliter.m */ = {isa = PBXFileReference; fileEncoding = 4; lastKnownFileType = sourcecode.c.objc; name = FileSpliter.m; path = FFMpegDecoder/FileSpliter.m; sourceTree = "<group>"; };
		6288FB1C1CAC8BA50083B611 /* FileSpliterDelegate.h */ = {isa = PBXFileReference; fileEncoding = 4; lastKnownFileType = sourcecode.c.h; name = FileSpliterDelegate.h; path = FFMpegDecoder/FileSpliterDelegate.h; sourceTree = "<group>"; };
		6288FB1D1CAC8BA50083B611 /* FileSpliter.h */ = {isa = PBXFileReference; fileEncoding = 4; lastKnownFileType = sourcecode.c.h; name = FileSpliter.h; path = FFMpegDecoder/FileSpliter.h; sourceTree = "<group>"; };
		6288FB1E1CAC8BA50083B611 /* Utilities.h */ = {isa = PBXFileReference; fileEncoding = 4; lastKnownFileType = sourcecode.c.h; name = Utilities.h; path = FFMpegDecoder/Utilities.h; sourceTree = "<group>"; };
		6288FB1F1CAC8BA50083B611 /* Utilities.m */ = {isa = PBXFileReference; fileEncoding = 4; lastKnownFileType = sourcecode.c.objc; name = Utilities.m; path = FFMpegDecoder/Utilities.m; sourceTree = "<group>"; };
		6288FB251CAC98B20083B611 /* AudioToolbox.framework */ = {isa = PBXFileReference; lastKnownFileType = wrapper.framework; name = AudioToolbox.framework; path = System/Library/Frameworks/AudioToolbox.framework; sourceTree = SDKROOT; };
		6288FB631CACFD4B0083B611 /* FileSpliter-Bridging-Header.h */ = {isa = PBXFileReference; lastKnownFileType = sourcecode.c.h; path = "FileSpliter-Bridging-Header.h"; sourceTree = "<group>"; };
		A6C6111D1C897A8000F82F6E /* RatingControl.swift */ = {isa = PBXFileReference; fileEncoding = 4; lastKnownFileType = sourcecode.swift; path = RatingControl.swift; sourceTree = "<group>"; };
		A6D315921C7A786D00B5EF9D /* MixItApp.app */ = {isa = PBXFileReference; explicitFileType = wrapper.application; includeInIndex = 0; path = MixItApp.app; sourceTree = BUILT_PRODUCTS_DIR; };
		A6D315951C7A786D00B5EF9D /* AppDelegate.swift */ = {isa = PBXFileReference; lastKnownFileType = sourcecode.swift; path = AppDelegate.swift; sourceTree = "<group>"; };
		A6D3159A1C7A786D00B5EF9D /* Base */ = {isa = PBXFileReference; lastKnownFileType = file.storyboard; name = Base; path = Base.lproj/Main.storyboard; sourceTree = "<group>"; };
		A6D3159D1C7A786D00B5EF9D /* MixItApp.xcdatamodel */ = {isa = PBXFileReference; lastKnownFileType = wrapper.xcdatamodel; path = MixItApp.xcdatamodel; sourceTree = "<group>"; };
		A6D3159F1C7A786D00B5EF9D /* Assets.xcassets */ = {isa = PBXFileReference; lastKnownFileType = folder.assetcatalog; path = Assets.xcassets; sourceTree = "<group>"; };
		A6D315A41C7A786D00B5EF9D /* Info.plist */ = {isa = PBXFileReference; lastKnownFileType = text.plist.xml; path = Info.plist; sourceTree = "<group>"; };
		A6D315A91C7A786D00B5EF9D /* MixItAppTests.xctest */ = {isa = PBXFileReference; explicitFileType = wrapper.cfbundle; includeInIndex = 0; path = MixItAppTests.xctest; sourceTree = BUILT_PRODUCTS_DIR; };
		A6D315AD1C7A786D00B5EF9D /* MixItAppTests.swift */ = {isa = PBXFileReference; lastKnownFileType = sourcecode.swift; path = MixItAppTests.swift; sourceTree = "<group>"; };
		A6D315AF1C7A786D00B5EF9D /* Info.plist */ = {isa = PBXFileReference; lastKnownFileType = text.plist.xml; path = Info.plist; sourceTree = "<group>"; };
		A6D315B41C7A786D00B5EF9D /* MixItAppUITests.xctest */ = {isa = PBXFileReference; explicitFileType = wrapper.cfbundle; includeInIndex = 0; path = MixItAppUITests.xctest; sourceTree = BUILT_PRODUCTS_DIR; };
		A6D315B81C7A786D00B5EF9D /* MixItAppUITests.swift */ = {isa = PBXFileReference; lastKnownFileType = sourcecode.swift; path = MixItAppUITests.swift; sourceTree = "<group>"; };
		A6D315BA1C7A786D00B5EF9D /* Info.plist */ = {isa = PBXFileReference; lastKnownFileType = text.plist.xml; path = Info.plist; sourceTree = "<group>"; };
		A6D315C61C7A78BD00B5EF9D /* AVFoundation.framework */ = {isa = PBXFileReference; lastKnownFileType = wrapper.framework; name = AVFoundation.framework; path = System/Library/Frameworks/AVFoundation.framework; sourceTree = SDKROOT; };
		A6D315CA1C7A7C4400B5EF9D /* MediaPlayerViewController.swift */ = {isa = PBXFileReference; fileEncoding = 4; lastKnownFileType = sourcecode.swift; name = MediaPlayerViewController.swift; path = ../MediaPlayerViewController.swift; sourceTree = "<group>"; };
		B2CD8B081C7EB6E6006C0470 /* LaunchScreen.storyboard */ = {isa = PBXFileReference; fileEncoding = 4; lastKnownFileType = file.storyboard; name = LaunchScreen.storyboard; path = ../LaunchScreen.storyboard; sourceTree = "<group>"; };
		CDC12B5D1C8FC15A00F668CD /* AMTSoundPicker.swift */ = {isa = PBXFileReference; fileEncoding = 4; lastKnownFileType = sourcecode.swift; path = AMTSoundPicker.swift; sourceTree = "<group>"; };
		CDC12B5E1C8FC15A00F668CD /* AMTTrackManager.swift */ = {isa = PBXFileReference; fileEncoding = 4; lastKnownFileType = sourcecode.swift; path = AMTTrackManager.swift; sourceTree = "<group>"; };
		CDC12B5F1C8FC15A00F668CD /* Common.swift */ = {isa = PBXFileReference; fileEncoding = 4; lastKnownFileType = sourcecode.swift; path = Common.swift; sourceTree = "<group>"; };
		CDC12B601C8FC15A00F668CD /* IVMAlertController.swift */ = {isa = PBXFileReference; fileEncoding = 4; lastKnownFileType = sourcecode.swift; path = IVMAlertController.swift; sourceTree = "<group>"; };
		CDC12B631C8FC15A00F668CD /* ProjectManager.swift */ = {isa = PBXFileReference; fileEncoding = 4; lastKnownFileType = sourcecode.swift; path = ProjectManager.swift; sourceTree = "<group>"; };
		CDC12B641C8FC15A00F668CD /* TSLibraryImport.h */ = {isa = PBXFileReference; fileEncoding = 4; lastKnownFileType = sourcecode.c.h; path = TSLibraryImport.h; sourceTree = "<group>"; };
		CDC12B651C8FC15A00F668CD /* TSLibraryImport.m */ = {isa = PBXFileReference; fileEncoding = 4; lastKnownFileType = sourcecode.c.objc; path = TSLibraryImport.m; sourceTree = "<group>"; };
		CDC12B661C8FC15A00F668CD /* Utility.swift */ = {isa = PBXFileReference; fileEncoding = 4; lastKnownFileType = sourcecode.swift; path = Utility.swift; sourceTree = "<group>"; };
		CDC12B701C8FC16600F668CD /* Aacmultitrack-Bridging-Header.h */ = {isa = PBXFileReference; fileEncoding = 4; lastKnownFileType = sourcecode.c.h; path = "Aacmultitrack-Bridging-Header.h"; sourceTree = "<group>"; };
		CDC12B711C8FC16600F668CD /* DSActivityView.h */ = {isa = PBXFileReference; fileEncoding = 4; lastKnownFileType = sourcecode.c.h; path = DSActivityView.h; sourceTree = "<group>"; };
		CDC12B721C8FC16600F668CD /* DSActivityView.m */ = {isa = PBXFileReference; fileEncoding = 4; lastKnownFileType = sourcecode.c.objc; path = DSActivityView.m; sourceTree = "<group>"; };
		CDC12B731C8FC16600F668CD /* OpenProjectVC.swift */ = {isa = PBXFileReference; fileEncoding = 4; lastKnownFileType = sourcecode.swift; path = OpenProjectVC.swift; sourceTree = "<group>"; };
		CDC12B741C8FC16600F668CD /* TrackCell.swift */ = {isa = PBXFileReference; fileEncoding = 4; lastKnownFileType = sourcecode.swift; path = TrackCell.swift; sourceTree = "<group>"; };
		CDC12B761C8FC16600F668CD /* TracksVC.swift */ = {isa = PBXFileReference; fileEncoding = 4; lastKnownFileType = sourcecode.swift; path = TracksVC.swift; sourceTree = "<group>"; };
		CDC12B871C8FC8D400F668CD /* MixItApp.pch */ = {isa = PBXFileReference; fileEncoding = 4; lastKnownFileType = sourcecode.c.h; path = MixItApp.pch; sourceTree = "<group>"; };
		CDC12B881C8FDE5C00F668CD /* ViewController.swift */ = {isa = PBXFileReference; fileEncoding = 4; lastKnownFileType = sourcecode.swift; path = ViewController.swift; sourceTree = "<group>"; };
/* End PBXFileReference section */

/* Begin PBXFrameworksBuildPhase section */
		A6D3158F1C7A786D00B5EF9D /* Frameworks */ = {
			isa = PBXFrameworksBuildPhase;
			buildActionMask = 2147483647;
			files = (
				6288FB261CAC98B20083B611 /* AudioToolbox.framework in Frameworks */,
				A6D315C71C7A78BD00B5EF9D /* AVFoundation.framework in Frameworks */,
			);
			runOnlyForDeploymentPostprocessing = 0;
		};
		A6D315A61C7A786D00B5EF9D /* Frameworks */ = {
			isa = PBXFrameworksBuildPhase;
			buildActionMask = 2147483647;
			files = (
			);
			runOnlyForDeploymentPostprocessing = 0;
		};
		A6D315B11C7A786D00B5EF9D /* Frameworks */ = {
			isa = PBXFrameworksBuildPhase;
			buildActionMask = 2147483647;
			files = (
			);
			runOnlyForDeploymentPostprocessing = 0;
		};
/* End PBXFrameworksBuildPhase section */

/* Begin PBXGroup section */
		6288FB1A1CAC8B870083B611 /* FFMpegDecoder */ = {
			isa = PBXGroup;
			children = (
				6288FB1B1CAC8BA50083B611 /* FileSpliter.m */,
				6288FB1C1CAC8BA50083B611 /* FileSpliterDelegate.h */,
				6288FB1D1CAC8BA50083B611 /* FileSpliter.h */,
				6288FB1E1CAC8BA50083B611 /* Utilities.h */,
				6288FB1F1CAC8BA50083B611 /* Utilities.m */,
				6288FB631CACFD4B0083B611 /* FileSpliter-Bridging-Header.h */,
			);
			name = FFMpegDecoder;
			sourceTree = "<group>";
		};
		A6D315891C7A786D00B5EF9D = {
			isa = PBXGroup;
			children = (
				6288FB251CAC98B20083B611 /* AudioToolbox.framework */,
				6288FB1A1CAC8B870083B611 /* FFMpegDecoder */,
				A6D315C61C7A78BD00B5EF9D /* AVFoundation.framework */,
				A6D315941C7A786D00B5EF9D /* MixItApp */,
				A6D315AC1C7A786D00B5EF9D /* MixItAppTests */,
				A6D315B71C7A786D00B5EF9D /* MixItAppUITests */,
				A6D315931C7A786D00B5EF9D /* Products */,
			);
			sourceTree = "<group>";
		};
		A6D315931C7A786D00B5EF9D /* Products */ = {
			isa = PBXGroup;
			children = (
				A6D315921C7A786D00B5EF9D /* MixItApp.app */,
				A6D315A91C7A786D00B5EF9D /* MixItAppTests.xctest */,
				A6D315B41C7A786D00B5EF9D /* MixItAppUITests.xctest */,
			);
			name = Products;
			sourceTree = "<group>";
		};
		A6D315941C7A786D00B5EF9D /* MixItApp */ = {
			isa = PBXGroup;
			children = (
				CDC12B5C1C8FC15A00F668CD /* Common */,
				CDC12B6F1C8FC16600F668CD /* UserInterfaces */,
				CDC12B7F1C8FC3A000F668CD /* Supporting Files */,
				CDC12B881C8FDE5C00F668CD /* ViewController.swift */,
				A6D315951C7A786D00B5EF9D /* AppDelegate.swift */,
				A6C6111D1C897A8000F82F6E /* RatingControl.swift */,
				A6D3159F1C7A786D00B5EF9D /* Assets.xcassets */,
				A6D315A41C7A786D00B5EF9D /* Info.plist */,
				B2CD8B081C7EB6E6006C0470 /* LaunchScreen.storyboard */,
				A6D315991C7A786D00B5EF9D /* Main.storyboard */,
				A6D3159C1C7A786D00B5EF9D /* MixItApp.xcdatamodeld */,
				312FC0870DBC0EF4F946EC49 /* Music */,
			);
			path = MixItApp;
			sourceTree = "<group>";
		};
		A6D315AC1C7A786D00B5EF9D /* MixItAppTests */ = {
			isa = PBXGroup;
			children = (
				A6D315AD1C7A786D00B5EF9D /* MixItAppTests.swift */,
				A6D315AF1C7A786D00B5EF9D /* Info.plist */,
			);
			path = MixItAppTests;
			sourceTree = "<group>";
		};
		A6D315B71C7A786D00B5EF9D /* MixItAppUITests */ = {
			isa = PBXGroup;
			children = (
				A6D315B81C7A786D00B5EF9D /* MixItAppUITests.swift */,
				A6D315BA1C7A786D00B5EF9D /* Info.plist */,
			);
			path = MixItAppUITests;
			sourceTree = "<group>";
		};
		CDC12B5C1C8FC15A00F668CD /* Common */ = {
			isa = PBXGroup;
			children = (
				CDC12B5D1C8FC15A00F668CD /* AMTSoundPicker.swift */,
				CDC12B5E1C8FC15A00F668CD /* AMTTrackManager.swift */,
				CDC12B5F1C8FC15A00F668CD /* Common.swift */,
				CDC12B601C8FC15A00F668CD /* IVMAlertController.swift */,
				CDC12B631C8FC15A00F668CD /* ProjectManager.swift */,
				CDC12B641C8FC15A00F668CD /* TSLibraryImport.h */,
				CDC12B651C8FC15A00F668CD /* TSLibraryImport.m */,
				CDC12B661C8FC15A00F668CD /* Utility.swift */,
			);
			path = Common;
			sourceTree = "<group>";
		};
		CDC12B6F1C8FC16600F668CD /* UserInterfaces */ = {
			isa = PBXGroup;
			children = (
				CDC12B701C8FC16600F668CD /* Aacmultitrack-Bridging-Header.h */,
				CDC12B711C8FC16600F668CD /* DSActivityView.h */,
				CDC12B721C8FC16600F668CD /* DSActivityView.m */,
				A6D315CA1C7A7C4400B5EF9D /* MediaPlayerViewController.swift */,
				CDC12B731C8FC16600F668CD /* OpenProjectVC.swift */,
				CDC12B741C8FC16600F668CD /* TrackCell.swift */,
				CDC12B761C8FC16600F668CD /* TracksVC.swift */,
			);
			path = UserInterfaces;
			sourceTree = "<group>";
		};
		CDC12B7F1C8FC3A000F668CD /* Supporting Files */ = {
			isa = PBXGroup;
			children = (
				CDC12B871C8FC8D400F668CD /* MixItApp.pch */,
			);
			name = "Supporting Files";
			sourceTree = "<group>";
		};
/* End PBXGroup section */

/* Begin PBXNativeTarget section */
		A6D315911C7A786D00B5EF9D /* MixItApp */ = {
			isa = PBXNativeTarget;
			buildConfigurationList = A6D315BD1C7A786D00B5EF9D /* Build configuration list for PBXNativeTarget "MixItApp" */;
			buildPhases = (
				A6D3158E1C7A786D00B5EF9D /* Sources */,
				A6D3158F1C7A786D00B5EF9D /* Frameworks */,
				A6D315901C7A786D00B5EF9D /* Resources */,
			);
			buildRules = (
			);
			dependencies = (
			);
			name = MixItApp;
			productName = MixItApp;
			productReference = A6D315921C7A786D00B5EF9D /* MixItApp.app */;
			productType = "com.apple.product-type.application";
		};
		A6D315A81C7A786D00B5EF9D /* MixItAppTests */ = {
			isa = PBXNativeTarget;
			buildConfigurationList = A6D315C01C7A786D00B5EF9D /* Build configuration list for PBXNativeTarget "MixItAppTests" */;
			buildPhases = (
				A6D315A51C7A786D00B5EF9D /* Sources */,
				A6D315A61C7A786D00B5EF9D /* Frameworks */,
				A6D315A71C7A786D00B5EF9D /* Resources */,
			);
			buildRules = (
			);
			dependencies = (
				A6D315AB1C7A786D00B5EF9D /* PBXTargetDependency */,
			);
			name = MixItAppTests;
			productName = MixItAppTests;
			productReference = A6D315A91C7A786D00B5EF9D /* MixItAppTests.xctest */;
			productType = "com.apple.product-type.bundle.unit-test";
		};
		A6D315B31C7A786D00B5EF9D /* MixItAppUITests */ = {
			isa = PBXNativeTarget;
			buildConfigurationList = A6D315C31C7A786D00B5EF9D /* Build configuration list for PBXNativeTarget "MixItAppUITests" */;
			buildPhases = (
				A6D315B01C7A786D00B5EF9D /* Sources */,
				A6D315B11C7A786D00B5EF9D /* Frameworks */,
				A6D315B21C7A786D00B5EF9D /* Resources */,
			);
			buildRules = (
			);
			dependencies = (
				A6D315B61C7A786D00B5EF9D /* PBXTargetDependency */,
			);
			name = MixItAppUITests;
			productName = MixItAppUITests;
			productReference = A6D315B41C7A786D00B5EF9D /* MixItAppUITests.xctest */;
			productType = "com.apple.product-type.bundle.ui-testing";
		};
/* End PBXNativeTarget section */

/* Begin PBXProject section */
		A6D3158A1C7A786D00B5EF9D /* Project object */ = {
			isa = PBXProject;
			attributes = {
				LastSwiftUpdateCheck = 0720;
				LastUpgradeCheck = 0720;
				ORGANIZATIONNAME = MixMusicProduction;
				TargetAttributes = {
					A6D315911C7A786D00B5EF9D = {
						CreatedOnToolsVersion = 7.2.1;
						DevelopmentTeam = 43ZUNE9D3V;
					};
					A6D315A81C7A786D00B5EF9D = {
						CreatedOnToolsVersion = 7.2.1;
						DevelopmentTeam = JB4K9XSBZ5;
						TestTargetID = A6D315911C7A786D00B5EF9D;
					};
					A6D315B31C7A786D00B5EF9D = {
						CreatedOnToolsVersion = 7.2.1;
						DevelopmentTeam = JB4K9XSBZ5;
						TestTargetID = A6D315911C7A786D00B5EF9D;
					};
				};
			};
			buildConfigurationList = A6D3158D1C7A786D00B5EF9D /* Build configuration list for PBXProject "MixItApp" */;
			compatibilityVersion = "Xcode 3.2";
			developmentRegion = English;
			hasScannedForEncodings = 0;
			knownRegions = (
				en,
				Base,
			);
			mainGroup = A6D315891C7A786D00B5EF9D;
			productRefGroup = A6D315931C7A786D00B5EF9D /* Products */;
			projectDirPath = "";
			projectRoot = "";
			targets = (
				A6D315911C7A786D00B5EF9D /* MixItApp */,
				A6D315A81C7A786D00B5EF9D /* MixItAppTests */,
				A6D315B31C7A786D00B5EF9D /* MixItAppUITests */,
			);
		};
/* End PBXProject section */

/* Begin PBXResourcesBuildPhase section */
		A6D315901C7A786D00B5EF9D /* Resources */ = {
			isa = PBXResourcesBuildPhase;
			buildActionMask = 2147483647;
			files = (
				A6D315A01C7A786D00B5EF9D /* Assets.xcassets in Resources */,
				B2CD8B091C7EB6E6006C0470 /* LaunchScreen.storyboard in Resources */,
				A6D3159B1C7A786D00B5EF9D /* Main.storyboard in Resources */,
				312FCDD427514A34A8E33623 /* Music in Resources */,
			);
			runOnlyForDeploymentPostprocessing = 0;
		};
		A6D315A71C7A786D00B5EF9D /* Resources */ = {
			isa = PBXResourcesBuildPhase;
			buildActionMask = 2147483647;
			files = (
			);
			runOnlyForDeploymentPostprocessing = 0;
		};
		A6D315B21C7A786D00B5EF9D /* Resources */ = {
			isa = PBXResourcesBuildPhase;
			buildActionMask = 2147483647;
			files = (
			);
			runOnlyForDeploymentPostprocessing = 0;
		};
/* End PBXResourcesBuildPhase section */

/* Begin PBXSourcesBuildPhase section */
		A6D3158E1C7A786D00B5EF9D /* Sources */ = {
			isa = PBXSourcesBuildPhase;
			buildActionMask = 2147483647;
			files = (
				6288FB611CACFC840083B611 /* FileSpliter.m in Sources */,
				6288FB211CAC8BA50083B611 /* Utilities.m in Sources */,
				CDC12B691C8FC15A00F668CD /* Common.swift in Sources */,
				CDC12B671C8FC15A00F668CD /* AMTSoundPicker.swift in Sources */,
				A6D3159E1C7A786D00B5EF9D /* MixItApp.xcdatamodeld in Sources */,
				CDC12B7B1C8FC16600F668CD /* TracksVC.swift in Sources */,
				CDC12B781C8FC16600F668CD /* OpenProjectVC.swift in Sources */,
				A6D315CB1C7A7C4400B5EF9D /* MediaPlayerViewController.swift in Sources */,
				CDC12B6A1C8FC15A00F668CD /* IVMAlertController.swift in Sources */,
				A6C6111E1C897A8000F82F6E /* RatingControl.swift in Sources */,
				CDC12B6E1C8FC15A00F668CD /* Utility.swift in Sources */,
				CDC12B891C8FDE5C00F668CD /* ViewController.swift in Sources */,
				CDC12B771C8FC16600F668CD /* DSActivityView.m in Sources */,
				A6D315961C7A786D00B5EF9D /* AppDelegate.swift in Sources */,
				CDC12B681C8FC15A00F668CD /* AMTTrackManager.swift in Sources */,
				CDC12B6C1C8FC15A00F668CD /* ProjectManager.swift in Sources */,
				CDC12B6D1C8FC15A00F668CD /* TSLibraryImport.m in Sources */,
				CDC12B791C8FC16600F668CD /* TrackCell.swift in Sources */,
			);
			runOnlyForDeploymentPostprocessing = 0;
		};
		A6D315A51C7A786D00B5EF9D /* Sources */ = {
			isa = PBXSourcesBuildPhase;
			buildActionMask = 2147483647;
			files = (
				A6D315AE1C7A786D00B5EF9D /* MixItAppTests.swift in Sources */,
			);
			runOnlyForDeploymentPostprocessing = 0;
		};
		A6D315B01C7A786D00B5EF9D /* Sources */ = {
			isa = PBXSourcesBuildPhase;
			buildActionMask = 2147483647;
			files = (
				A6D315B91C7A786D00B5EF9D /* MixItAppUITests.swift in Sources */,
			);
			runOnlyForDeploymentPostprocessing = 0;
		};
/* End PBXSourcesBuildPhase section */

/* Begin PBXTargetDependency section */
		A6D315AB1C7A786D00B5EF9D /* PBXTargetDependency */ = {
			isa = PBXTargetDependency;
			target = A6D315911C7A786D00B5EF9D /* MixItApp */;
			targetProxy = A6D315AA1C7A786D00B5EF9D /* PBXContainerItemProxy */;
		};
		A6D315B61C7A786D00B5EF9D /* PBXTargetDependency */ = {
			isa = PBXTargetDependency;
			target = A6D315911C7A786D00B5EF9D /* MixItApp */;
			targetProxy = A6D315B51C7A786D00B5EF9D /* PBXContainerItemProxy */;
		};
/* End PBXTargetDependency section */

/* Begin PBXVariantGroup section */
		A6D315991C7A786D00B5EF9D /* Main.storyboard */ = {
			isa = PBXVariantGroup;
			children = (
				A6D3159A1C7A786D00B5EF9D /* Base */,
			);
			name = Main.storyboard;
			sourceTree = "<group>";
		};
/* End PBXVariantGroup section */

/* Begin XCBuildConfiguration section */
		A6D315BB1C7A786D00B5EF9D /* Debug */ = {
			isa = XCBuildConfiguration;
			buildSettings = {
				ALWAYS_SEARCH_USER_PATHS = NO;
				CLANG_CXX_LANGUAGE_STANDARD = "gnu++0x";
				CLANG_CXX_LIBRARY = "libc++";
				CLANG_ENABLE_MODULES = YES;
				CLANG_ENABLE_OBJC_ARC = YES;
				CLANG_WARN_BOOL_CONVERSION = YES;
				CLANG_WARN_CONSTANT_CONVERSION = YES;
				CLANG_WARN_DIRECT_OBJC_ISA_USAGE = YES_ERROR;
				CLANG_WARN_EMPTY_BODY = YES;
				CLANG_WARN_ENUM_CONVERSION = YES;
				CLANG_WARN_INT_CONVERSION = YES;
				CLANG_WARN_OBJC_ROOT_CLASS = YES_ERROR;
				CLANG_WARN_UNREACHABLE_CODE = YES;
				CLANG_WARN__DUPLICATE_METHOD_MATCH = YES;
				"CODE_SIGN_IDENTITY[sdk=iphoneos*]" = "iPhone Developer";
				COPY_PHASE_STRIP = NO;
				DEBUG_INFORMATION_FORMAT = dwarf;
				ENABLE_STRICT_OBJC_MSGSEND = YES;
				ENABLE_TESTABILITY = YES;
				GCC_C_LANGUAGE_STANDARD = gnu99;
				GCC_DYNAMIC_NO_PIC = NO;
				GCC_NO_COMMON_BLOCKS = YES;
				GCC_OPTIMIZATION_LEVEL = 0;
				GCC_PREPROCESSOR_DEFINITIONS = (
					"DEBUG=1",
					"$(inherited)",
				);
				GCC_WARN_64_TO_32_BIT_CONVERSION = YES;
				GCC_WARN_ABOUT_RETURN_TYPE = YES_ERROR;
				GCC_WARN_UNDECLARED_SELECTOR = YES;
				GCC_WARN_UNINITIALIZED_AUTOS = YES_AGGRESSIVE;
				GCC_WARN_UNUSED_FUNCTION = YES;
				GCC_WARN_UNUSED_VARIABLE = YES;
				IPHONEOS_DEPLOYMENT_TARGET = 9.2;
				MTL_ENABLE_DEBUG_INFO = YES;
				ONLY_ACTIVE_ARCH = YES;
				SDKROOT = iphoneos;
				SWIFT_OPTIMIZATION_LEVEL = "-Onone";
				TARGETED_DEVICE_FAMILY = "1,2";
			};
			name = Debug;
		};
		A6D315BC1C7A786D00B5EF9D /* Release */ = {
			isa = XCBuildConfiguration;
			buildSettings = {
				ALWAYS_SEARCH_USER_PATHS = NO;
				CLANG_CXX_LANGUAGE_STANDARD = "gnu++0x";
				CLANG_CXX_LIBRARY = "libc++";
				CLANG_ENABLE_MODULES = YES;
				CLANG_ENABLE_OBJC_ARC = YES;
				CLANG_WARN_BOOL_CONVERSION = YES;
				CLANG_WARN_CONSTANT_CONVERSION = YES;
				CLANG_WARN_DIRECT_OBJC_ISA_USAGE = YES_ERROR;
				CLANG_WARN_EMPTY_BODY = YES;
				CLANG_WARN_ENUM_CONVERSION = YES;
				CLANG_WARN_INT_CONVERSION = YES;
				CLANG_WARN_OBJC_ROOT_CLASS = YES_ERROR;
				CLANG_WARN_UNREACHABLE_CODE = YES;
				CLANG_WARN__DUPLICATE_METHOD_MATCH = YES;
				"CODE_SIGN_IDENTITY[sdk=iphoneos*]" = "iPhone Developer";
				COPY_PHASE_STRIP = NO;
				DEBUG_INFORMATION_FORMAT = "dwarf-with-dsym";
				ENABLE_NS_ASSERTIONS = NO;
				ENABLE_STRICT_OBJC_MSGSEND = YES;
				GCC_C_LANGUAGE_STANDARD = gnu99;
				GCC_NO_COMMON_BLOCKS = YES;
				GCC_WARN_64_TO_32_BIT_CONVERSION = YES;
				GCC_WARN_ABOUT_RETURN_TYPE = YES_ERROR;
				GCC_WARN_UNDECLARED_SELECTOR = YES;
				GCC_WARN_UNINITIALIZED_AUTOS = YES_AGGRESSIVE;
				GCC_WARN_UNUSED_FUNCTION = YES;
				GCC_WARN_UNUSED_VARIABLE = YES;
				IPHONEOS_DEPLOYMENT_TARGET = 9.2;
				MTL_ENABLE_DEBUG_INFO = NO;
				SDKROOT = iphoneos;
				TARGETED_DEVICE_FAMILY = "1,2";
				VALIDATE_PRODUCT = YES;
			};
			name = Release;
		};
		A6D315BE1C7A786D00B5EF9D /* Debug */ = {
			isa = XCBuildConfiguration;
			buildSettings = {
				ASSETCATALOG_COMPILER_APPICON_NAME = AppIcon;
				CODE_SIGN_IDENTITY = "iPhone Developer";
				"CODE_SIGN_IDENTITY[sdk=iphoneos*]" = "iPhone Developer";
				DEFINES_MODULE = YES;
				GCC_PRECOMPILE_PREFIX_HEADER = NO;
				GCC_PREFIX_HEADER = MixItApp/MixItApp.pch;
				HEADER_SEARCH_PATHS = (
					"$(SRCROOT)/x264-iOS/include",
					"$(SRCROOT)/FFMpegDecoder",
					"$(SRCROOT)/FFMpegiOS/universal/include/**",
				);
				INFOPLIST_FILE = MixItApp/Info.plist;
				LD_RUNPATH_SEARCH_PATHS = "$(inherited) @executable_path/Frameworks";
				LIBRARY_SEARCH_PATHS = (
					"$(inherited)",
					"$(PROJECT_DIR)/FFMpegiOS/arm64/lib",
					"$(PROJECT_DIR)/x264-iOS/armv7s/lib",
					"$(PROJECT_DIR)/x264-iOS/arm64/lib",
					"$(PROJECT_DIR)/x264-iOS/armv7/lib",
					"$(PROJECT_DIR)/FFMpegiOS/universal/lib",
					"$(PROJECT_DIR)/x264-iOS/universal/lib",
				);
				PRODUCT_BUNDLE_IDENTIFIER = com.MixMusic.MixItApp;
				PRODUCT_NAME = "$(TARGET_NAME)";
				PROVISIONING_PROFILE = "";
				SWIFT_OBJC_BRIDGING_HEADER = "MixItApp/UserInterfaces/Aacmultitrack-Bridging-Header.h";
			};
			name = Debug;
		};
		A6D315BF1C7A786D00B5EF9D /* Release */ = {
			isa = XCBuildConfiguration;
			buildSettings = {
				ASSETCATALOG_COMPILER_APPICON_NAME = AppIcon;
				CODE_SIGN_IDENTITY = "iPhone Developer";
				"CODE_SIGN_IDENTITY[sdk=iphoneos*]" = "iPhone Developer";
				DEFINES_MODULE = YES;
				GCC_PRECOMPILE_PREFIX_HEADER = NO;
				GCC_PREFIX_HEADER = MixItApp/MixItApp.pch;
				HEADER_SEARCH_PATHS = (
					"$(SRCROOT)/x264-iOS/include",
					"$(SRCROOT)/FFMpegDecoder",
					"$(SRCROOT)/FFMpegiOS/universal/include/**",
				);
				INFOPLIST_FILE = MixItApp/Info.plist;
				LD_RUNPATH_SEARCH_PATHS = "$(inherited) @executable_path/Frameworks";
				LIBRARY_SEARCH_PATHS = (
					"$(inherited)",
					"$(PROJECT_DIR)/FFMpegiOS/arm64/lib",
					"$(PROJECT_DIR)/x264-iOS/armv7s/lib",
					"$(PROJECT_DIR)/x264-iOS/arm64/lib",
					"$(PROJECT_DIR)/x264-iOS/armv7/lib",
					"$(PROJECT_DIR)/FFMpegiOS/universal/lib",
					"$(PROJECT_DIR)/x264-iOS/universal/lib",
				);
				PRODUCT_BUNDLE_IDENTIFIER = com.MixMusic.MixItApp;
				PRODUCT_NAME = "$(TARGET_NAME)";
				PROVISIONING_PROFILE = "";
				SWIFT_OBJC_BRIDGING_HEADER = "MixItApp/UserInterfaces/Aacmultitrack-Bridging-Header.h";
			};
			name = Release;
		};
		A6D315C11C7A786D00B5EF9D /* Debug */ = {
			isa = XCBuildConfiguration;
			buildSettings = {
				BUNDLE_LOADER = "$(TEST_HOST)";
				CLANG_ENABLE_MODULES = YES;
				INFOPLIST_FILE = MixItAppTests/Info.plist;
				LD_RUNPATH_SEARCH_PATHS = "$(inherited) @executable_path/Frameworks @loader_path/Frameworks";
				PRODUCT_BUNDLE_IDENTIFIER = com.MixMusicProduction.MixItAppTests;
				PRODUCT_NAME = "$(TARGET_NAME)";
				SWIFT_OBJC_BRIDGING_HEADER = "MixItAppTests/MixItAppTests-Bridging-Header.h";
				SWIFT_OPTIMIZATION_LEVEL = "-Onone";
				TEST_HOST = "$(BUILT_PRODUCTS_DIR)/MixItApp.app/MixItApp";
			};
			name = Debug;
		};
		A6D315C21C7A786D00B5EF9D /* Release */ = {
			isa = XCBuildConfiguration;
			buildSettings = {
				BUNDLE_LOADER = "$(TEST_HOST)";
				CLANG_ENABLE_MODULES = YES;
				INFOPLIST_FILE = MixItAppTests/Info.plist;
				LD_RUNPATH_SEARCH_PATHS = "$(inherited) @executable_path/Frameworks @loader_path/Frameworks";
				PRODUCT_BUNDLE_IDENTIFIER = com.MixMusicProduction.MixItAppTests;
				PRODUCT_NAME = "$(TARGET_NAME)";
				SWIFT_OBJC_BRIDGING_HEADER = "MixItAppTests/MixItAppTests-Bridging-Header.h";
				TEST_HOST = "$(BUILT_PRODUCTS_DIR)/MixItApp.app/MixItApp";
			};
			name = Release;
		};
		A6D315C41C7A786D00B5EF9D /* Debug */ = {
			isa = XCBuildConfiguration;
			buildSettings = {
				CLANG_ENABLE_MODULES = YES;
				INFOPLIST_FILE = MixItAppUITests/Info.plist;
				LD_RUNPATH_SEARCH_PATHS = "$(inherited) @executable_path/Frameworks @loader_path/Frameworks";
				PRODUCT_BUNDLE_IDENTIFIER = com.MixMusicProduction.MixItAppUITests;
				PRODUCT_NAME = "$(TARGET_NAME)";
				SWIFT_OBJC_BRIDGING_HEADER = "MixItAppUITests/MixItAppUITests-Bridging-Header.h";
				SWIFT_OPTIMIZATION_LEVEL = "-Onone";
				TEST_TARGET_NAME = MixItApp;
				USES_XCTRUNNER = YES;
			};
			name = Debug;
		};
		A6D315C51C7A786D00B5EF9D /* Release */ = {
			isa = XCBuildConfiguration;
			buildSettings = {
				CLANG_ENABLE_MODULES = YES;
				INFOPLIST_FILE = MixItAppUITests/Info.plist;
				LD_RUNPATH_SEARCH_PATHS = "$(inherited) @executable_path/Frameworks @loader_path/Frameworks";
				PRODUCT_BUNDLE_IDENTIFIER = com.MixMusicProduction.MixItAppUITests;
				PRODUCT_NAME = "$(TARGET_NAME)";
				SWIFT_OBJC_BRIDGING_HEADER = "MixItAppUITests/MixItAppUITests-Bridging-Header.h";
				TEST_TARGET_NAME = MixItApp;
				USES_XCTRUNNER = YES;
			};
			name = Release;
		};
/* End XCBuildConfiguration section */

/* Begin XCConfigurationList section */
		A6D3158D1C7A786D00B5EF9D /* Build configuration list for PBXProject "MixItApp" */ = {
			isa = XCConfigurationList;
			buildConfigurations = (
				A6D315BB1C7A786D00B5EF9D /* Debug */,
				A6D315BC1C7A786D00B5EF9D /* Release */,
			);
			defaultConfigurationIsVisible = 0;
			defaultConfigurationName = Release;
		};
		A6D315BD1C7A786D00B5EF9D /* Build configuration list for PBXNativeTarget "MixItApp" */ = {
			isa = XCConfigurationList;
			buildConfigurations = (
				A6D315BE1C7A786D00B5EF9D /* Debug */,
				A6D315BF1C7A786D00B5EF9D /* Release */,
			);
			defaultConfigurationIsVisible = 0;
			defaultConfigurationName = Release;
		};
		A6D315C01C7A786D00B5EF9D /* Build configuration list for PBXNativeTarget "MixItAppTests" */ = {
			isa = XCConfigurationList;
			buildConfigurations = (
				A6D315C11C7A786D00B5EF9D /* Debug */,
				A6D315C21C7A786D00B5EF9D /* Release */,
			);
			defaultConfigurationIsVisible = 0;
			defaultConfigurationName = Release;
		};
		A6D315C31C7A786D00B5EF9D /* Build configuration list for PBXNativeTarget "MixItAppUITests" */ = {
			isa = XCConfigurationList;
			buildConfigurations = (
				A6D315C41C7A786D00B5EF9D /* Debug */,
				A6D315C51C7A786D00B5EF9D /* Release */,
			);
			defaultConfigurationIsVisible = 0;
			defaultConfigurationName = Release;
		};
/* End XCConfigurationList section */

/* Begin XCVersionGroup section */
		A6D3159C1C7A786D00B5EF9D /* MixItApp.xcdatamodeld */ = {
			isa = XCVersionGroup;
			children = (
				A6D3159D1C7A786D00B5EF9D /* MixItApp.xcdatamodel */,
			);
			currentVersion = A6D3159D1C7A786D00B5EF9D /* MixItApp.xcdatamodel */;
			path = MixItApp.xcdatamodeld;
			sourceTree = "<group>";
			versionGroupType = wrapper.xcdatamodel;
		};
/* End XCVersionGroup section */
	};
	rootObject = A6D3158A1C7A786D00B5EF9D /* Project object */;
}
