// !$*UTF8*$!
{
	archiveVersion = 1;
	classes = {
	};
	objectVersion = 46;
	objects = {

/* Begin PBXBuildFile section */
		A64256191C5D4E210056F3F2 /* AppDelegate.swift in Sources */ = {isa = PBXBuildFile; fileRef = A64256181C5D4E210056F3F2 /* AppDelegate.swift */; };
		A642561B1C5D4E210056F3F2 /* ViewController.swift in Sources */ = {isa = PBXBuildFile; fileRef = A642561A1C5D4E210056F3F2 /* ViewController.swift */; };
		A64256211C5D4E210056F3F2 /* Mixit.xcdatamodeld in Sources */ = {isa = PBXBuildFile; fileRef = A642561F1C5D4E210056F3F2 /* Mixit.xcdatamodeld */; };
		A64256231C5D4E210056F3F2 /* Assets.xcassets in Resources */ = {isa = PBXBuildFile; fileRef = A64256221C5D4E210056F3F2 /* Assets.xcassets */; };
		A64256261C5D4E210056F3F2 /* LaunchScreen.storyboard in Resources */ = {isa = PBXBuildFile; fileRef = A64256241C5D4E210056F3F2 /* LaunchScreen.storyboard */; };
		A64256311C5D4E210056F3F2 /* MixitTests.swift in Sources */ = {isa = PBXBuildFile; fileRef = A64256301C5D4E210056F3F2 /* MixitTests.swift */; };
		A642563C1C5D4E210056F3F2 /* MixitUITests.swift in Sources */ = {isa = PBXBuildFile; fileRef = A642563B1C5D4E210056F3F2 /* MixitUITests.swift */; };
		A642564A1C5D7CDA0056F3F2 /* Audio.swift in Sources */ = {isa = PBXBuildFile; fileRef = A64256491C5D7CDA0056F3F2 /* Audio.swift */; };
		A642564B1C5D7CDA0056F3F2 /* Audio.swift in Sources */ = {isa = PBXBuildFile; fileRef = A64256491C5D7CDA0056F3F2 /* Audio.swift */; };
		A642564C1C5D7CDA0056F3F2 /* Audio.swift in Sources */ = {isa = PBXBuildFile; fileRef = A64256491C5D7CDA0056F3F2 /* Audio.swift */; };
		CD103EF51C623B0C005CCE35 /* UserInterfaces in Resources */ = {isa = PBXBuildFile; fileRef = CD103EF41C623B0C005CCE35 /* UserInterfaces */; };
		CD103F341C626C55005CCE35 /* Main.storyboard in Resources */ = {isa = PBXBuildFile; fileRef = CD103F331C626C55005CCE35 /* Main.storyboard */; };
/* End PBXBuildFile section */

/* Begin PBXContainerItemProxy section */
		A642562D1C5D4E210056F3F2 /* PBXContainerItemProxy */ = {
			isa = PBXContainerItemProxy;
			containerPortal = A642560D1C5D4E210056F3F2 /* Project object */;
			proxyType = 1;
			remoteGlobalIDString = A64256141C5D4E210056F3F2;
			remoteInfo = Mixit;
		};
		A64256381C5D4E210056F3F2 /* PBXContainerItemProxy */ = {
			isa = PBXContainerItemProxy;
			containerPortal = A642560D1C5D4E210056F3F2 /* Project object */;
			proxyType = 1;
			remoteGlobalIDString = A64256141C5D4E210056F3F2;
			remoteInfo = Mixit;
		};
/* End PBXContainerItemProxy section */

/* Begin PBXFileReference section */
		A64256151C5D4E210056F3F2 /* Mixit.app */ = {isa = PBXFileReference; explicitFileType = wrapper.application; includeInIndex = 0; path = Mixit.app; sourceTree = BUILT_PRODUCTS_DIR; };
		A64256181C5D4E210056F3F2 /* AppDelegate.swift */ = {isa = PBXFileReference; lastKnownFileType = sourcecode.swift; path = AppDelegate.swift; sourceTree = "<group>"; };
		A642561A1C5D4E210056F3F2 /* ViewController.swift */ = {isa = PBXFileReference; lastKnownFileType = sourcecode.swift; path = ViewController.swift; sourceTree = "<group>"; };
		A64256201C5D4E210056F3F2 /* Mixit.xcdatamodel */ = {isa = PBXFileReference; lastKnownFileType = wrapper.xcdatamodel; path = Mixit.xcdatamodel; sourceTree = "<group>"; };
		A64256221C5D4E210056F3F2 /* Assets.xcassets */ = {isa = PBXFileReference; lastKnownFileType = folder.assetcatalog; path = Assets.xcassets; sourceTree = "<group>"; };
		A64256251C5D4E210056F3F2 /* Base */ = {isa = PBXFileReference; lastKnownFileType = file.storyboard; name = Base; path = Base.lproj/LaunchScreen.storyboard; sourceTree = "<group>"; };
		A64256271C5D4E210056F3F2 /* Info.plist */ = {isa = PBXFileReference; lastKnownFileType = text.plist.xml; path = Info.plist; sourceTree = "<group>"; };
		A642562C1C5D4E210056F3F2 /* MixitTests.xctest */ = {isa = PBXFileReference; explicitFileType = wrapper.cfbundle; includeInIndex = 0; path = MixitTests.xctest; sourceTree = BUILT_PRODUCTS_DIR; };
		A64256301C5D4E210056F3F2 /* MixitTests.swift */ = {isa = PBXFileReference; lastKnownFileType = sourcecode.swift; path = MixitTests.swift; sourceTree = "<group>"; };
		A64256321C5D4E210056F3F2 /* Info.plist */ = {isa = PBXFileReference; lastKnownFileType = text.plist.xml; path = Info.plist; sourceTree = "<group>"; };
		A64256371C5D4E210056F3F2 /* MixitUITests.xctest */ = {isa = PBXFileReference; explicitFileType = wrapper.cfbundle; includeInIndex = 0; path = MixitUITests.xctest; sourceTree = BUILT_PRODUCTS_DIR; };
		A642563B1C5D4E210056F3F2 /* MixitUITests.swift */ = {isa = PBXFileReference; lastKnownFileType = sourcecode.swift; path = MixitUITests.swift; sourceTree = "<group>"; };
		A642563D1C5D4E210056F3F2 /* Info.plist */ = {isa = PBXFileReference; lastKnownFileType = text.plist.xml; path = Info.plist; sourceTree = "<group>"; };
		A64256491C5D7CDA0056F3F2 /* Audio.swift */ = {isa = PBXFileReference; fileEncoding = 4; lastKnownFileType = sourcecode.swift; path = Audio.swift; sourceTree = "<group>"; };
		CD103EF41C623B0C005CCE35 /* UserInterfaces */ = {isa = PBXFileReference; lastKnownFileType = folder; path = UserInterfaces; sourceTree = "<group>"; };
		CD103F331C626C55005CCE35 /* Main.storyboard */ = {isa = PBXFileReference; fileEncoding = 4; lastKnownFileType = file.storyboard; path = Main.storyboard; sourceTree = "<group>"; };
/* End PBXFileReference section */

/* Begin PBXFrameworksBuildPhase section */
		A64256121C5D4E210056F3F2 /* Frameworks */ = {
			isa = PBXFrameworksBuildPhase;
			buildActionMask = 2147483647;
			files = (
			);
			runOnlyForDeploymentPostprocessing = 0;
		};
		A64256291C5D4E210056F3F2 /* Frameworks */ = {
			isa = PBXFrameworksBuildPhase;
			buildActionMask = 2147483647;
			files = (
			);
			runOnlyForDeploymentPostprocessing = 0;
		};
		A64256341C5D4E210056F3F2 /* Frameworks */ = {
			isa = PBXFrameworksBuildPhase;
			buildActionMask = 2147483647;
			files = (
			);
			runOnlyForDeploymentPostprocessing = 0;
		};
/* End PBXFrameworksBuildPhase section */

/* Begin PBXGroup section */
		A642560C1C5D4E210056F3F2 = {
			isa = PBXGroup;
			children = (
				A64256171C5D4E210056F3F2 /* Mixit */,
				A64256511C5D7E730056F3F2 /* Audio */,
				A642562F1C5D4E210056F3F2 /* MixitTests */,
				A642563A1C5D4E210056F3F2 /* MixitUITests */,
				A64256161C5D4E210056F3F2 /* Products */,
			);
			sourceTree = "<group>";
		};
		A64256161C5D4E210056F3F2 /* Products */ = {
			isa = PBXGroup;
			children = (
				A64256151C5D4E210056F3F2 /* Mixit.app */,
				A642562C1C5D4E210056F3F2 /* MixitTests.xctest */,
				A64256371C5D4E210056F3F2 /* MixitUITests.xctest */,
			);
			name = Products;
			sourceTree = "<group>";
		};
		A64256171C5D4E210056F3F2 /* Mixit */ = {
			isa = PBXGroup;
			children = (
				A64256181C5D4E210056F3F2 /* AppDelegate.swift */,
				A642561A1C5D4E210056F3F2 /* ViewController.swift */,
				CD103F331C626C55005CCE35 /* Main.storyboard */,
				A64256221C5D4E210056F3F2 /* Assets.xcassets */,
				A64256241C5D4E210056F3F2 /* LaunchScreen.storyboard */,
				A64256271C5D4E210056F3F2 /* Info.plist */,
				A642561F1C5D4E210056F3F2 /* Mixit.xcdatamodeld */,
				CD103EF41C623B0C005CCE35 /* UserInterfaces */,
			);
			path = Mixit;
			sourceTree = "<group>";
		};
		A642562F1C5D4E210056F3F2 /* MixitTests */ = {
			isa = PBXGroup;
			children = (
				A64256301C5D4E210056F3F2 /* MixitTests.swift */,
				A64256321C5D4E210056F3F2 /* Info.plist */,
			);
			path = MixitTests;
			sourceTree = "<group>";
		};
		A642563A1C5D4E210056F3F2 /* MixitUITests */ = {
			isa = PBXGroup;
			children = (
				A642563B1C5D4E210056F3F2 /* MixitUITests.swift */,
				A642563D1C5D4E210056F3F2 /* Info.plist */,
			);
			path = MixitUITests;
			sourceTree = "<group>";
		};
		A64256511C5D7E730056F3F2 /* Audio */ = {
			isa = PBXGroup;
			children = (
				A64256491C5D7CDA0056F3F2 /* Audio.swift */,
			);
			name = Audio;
			path = Mixit;
			sourceTree = "<group>";
		};
/* End PBXGroup section */

/* Begin PBXNativeTarget section */
		A64256141C5D4E210056F3F2 /* Mixit */ = {
			isa = PBXNativeTarget;
			buildConfigurationList = A64256401C5D4E210056F3F2 /* Build configuration list for PBXNativeTarget "Mixit" */;
			buildPhases = (
				A64256111C5D4E210056F3F2 /* Sources */,
				A64256121C5D4E210056F3F2 /* Frameworks */,
				A64256131C5D4E210056F3F2 /* Resources */,
			);
			buildRules = (
			);
			dependencies = (
			);
			name = Mixit;
			productName = Mixit;
			productReference = A64256151C5D4E210056F3F2 /* Mixit.app */;
			productType = "com.apple.product-type.application";
		};
		A642562B1C5D4E210056F3F2 /* MixitTests */ = {
			isa = PBXNativeTarget;
			buildConfigurationList = A64256431C5D4E210056F3F2 /* Build configuration list for PBXNativeTarget "MixitTests" */;
			buildPhases = (
				A64256281C5D4E210056F3F2 /* Sources */,
				A64256291C5D4E210056F3F2 /* Frameworks */,
				A642562A1C5D4E210056F3F2 /* Resources */,
			);
			buildRules = (
			);
			dependencies = (
				A642562E1C5D4E210056F3F2 /* PBXTargetDependency */,
			);
			name = MixitTests;
			productName = MixitTests;
			productReference = A642562C1C5D4E210056F3F2 /* MixitTests.xctest */;
			productType = "com.apple.product-type.bundle.unit-test";
		};
		A64256361C5D4E210056F3F2 /* MixitUITests */ = {
			isa = PBXNativeTarget;
			buildConfigurationList = A64256461C5D4E210056F3F2 /* Build configuration list for PBXNativeTarget "MixitUITests" */;
			buildPhases = (
				A64256331C5D4E210056F3F2 /* Sources */,
				A64256341C5D4E210056F3F2 /* Frameworks */,
				A64256351C5D4E210056F3F2 /* Resources */,
			);
			buildRules = (
			);
			dependencies = (
				A64256391C5D4E210056F3F2 /* PBXTargetDependency */,
			);
			name = MixitUITests;
			productName = MixitUITests;
			productReference = A64256371C5D4E210056F3F2 /* MixitUITests.xctest */;
			productType = "com.apple.product-type.bundle.ui-testing";
		};
/* End PBXNativeTarget section */

/* Begin PBXProject section */
		A642560D1C5D4E210056F3F2 /* Project object */ = {
			isa = PBXProject;
			attributes = {
				LastSwiftUpdateCheck = 0720;
				LastUpgradeCheck = 0720;
				ORGANIZATIONNAME = MixMusicProduction;
				TargetAttributes = {
					A64256141C5D4E210056F3F2 = {
						CreatedOnToolsVersion = 7.2;
						DevelopmentTeam = JB4K9XSBZ5;
					};
					A642562B1C5D4E210056F3F2 = {
						CreatedOnToolsVersion = 7.2;
						DevelopmentTeam = JB4K9XSBZ5;
						TestTargetID = A64256141C5D4E210056F3F2;
					};
					A64256361C5D4E210056F3F2 = {
						CreatedOnToolsVersion = 7.2;
						DevelopmentTeam = JB4K9XSBZ5;
						TestTargetID = A64256141C5D4E210056F3F2;
					};
				};
			};
			buildConfigurationList = A64256101C5D4E210056F3F2 /* Build configuration list for PBXProject "Mixit" */;
			compatibilityVersion = "Xcode 3.2";
			developmentRegion = English;
			hasScannedForEncodings = 0;
			knownRegions = (
				en,
				Base,
			);
			mainGroup = A642560C1C5D4E210056F3F2;
			productRefGroup = A64256161C5D4E210056F3F2 /* Products */;
			projectDirPath = "";
			projectRoot = "";
			targets = (
				A64256141C5D4E210056F3F2 /* Mixit */,
				A642562B1C5D4E210056F3F2 /* MixitTests */,
				A64256361C5D4E210056F3F2 /* MixitUITests */,
			);
		};
/* End PBXProject section */

/* Begin PBXResourcesBuildPhase section */
		A64256131C5D4E210056F3F2 /* Resources */ = {
			isa = PBXResourcesBuildPhase;
			buildActionMask = 2147483647;
			files = (
				A64256261C5D4E210056F3F2 /* LaunchScreen.storyboard in Resources */,
				CD103F341C626C55005CCE35 /* Main.storyboard in Resources */,
				CD103EF51C623B0C005CCE35 /* UserInterfaces in Resources */,
				A64256231C5D4E210056F3F2 /* Assets.xcassets in Resources */,
			);
			runOnlyForDeploymentPostprocessing = 0;
		};
		A642562A1C5D4E210056F3F2 /* Resources */ = {
			isa = PBXResourcesBuildPhase;
			buildActionMask = 2147483647;
			files = (
			);
			runOnlyForDeploymentPostprocessing = 0;
		};
		A64256351C5D4E210056F3F2 /* Resources */ = {
			isa = PBXResourcesBuildPhase;
			buildActionMask = 2147483647;
			files = (
			);
			runOnlyForDeploymentPostprocessing = 0;
		};
/* End PBXResourcesBuildPhase section */

/* Begin PBXSourcesBuildPhase section */
		A64256111C5D4E210056F3F2 /* Sources */ = {
			isa = PBXSourcesBuildPhase;
			buildActionMask = 2147483647;
			files = (
				A642564A1C5D7CDA0056F3F2 /* Audio.swift in Sources */,
				A64256211C5D4E210056F3F2 /* Mixit.xcdatamodeld in Sources */,
				A642561B1C5D4E210056F3F2 /* ViewController.swift in Sources */,
				A64256191C5D4E210056F3F2 /* AppDelegate.swift in Sources */,
			);
			runOnlyForDeploymentPostprocessing = 0;
		};
		A64256281C5D4E210056F3F2 /* Sources */ = {
			isa = PBXSourcesBuildPhase;
			buildActionMask = 2147483647;
			files = (
				A642564B1C5D7CDA0056F3F2 /* Audio.swift in Sources */,
				A64256311C5D4E210056F3F2 /* MixitTests.swift in Sources */,
			);
			runOnlyForDeploymentPostprocessing = 0;
		};
		A64256331C5D4E210056F3F2 /* Sources */ = {
			isa = PBXSourcesBuildPhase;
			buildActionMask = 2147483647;
			files = (
				A642564C1C5D7CDA0056F3F2 /* Audio.swift in Sources */,
				A642563C1C5D4E210056F3F2 /* MixitUITests.swift in Sources */,
			);
			runOnlyForDeploymentPostprocessing = 0;
		};
/* End PBXSourcesBuildPhase section */

/* Begin PBXTargetDependency section */
		A642562E1C5D4E210056F3F2 /* PBXTargetDependency */ = {
			isa = PBXTargetDependency;
			target = A64256141C5D4E210056F3F2 /* Mixit */;
			targetProxy = A642562D1C5D4E210056F3F2 /* PBXContainerItemProxy */;
		};
		A64256391C5D4E210056F3F2 /* PBXTargetDependency */ = {
			isa = PBXTargetDependency;
			target = A64256141C5D4E210056F3F2 /* Mixit */;
			targetProxy = A64256381C5D4E210056F3F2 /* PBXContainerItemProxy */;
		};
/* End PBXTargetDependency section */

/* Begin PBXVariantGroup section */
		A64256241C5D4E210056F3F2 /* LaunchScreen.storyboard */ = {
			isa = PBXVariantGroup;
			children = (
				A64256251C5D4E210056F3F2 /* Base */,
			);
			name = LaunchScreen.storyboard;
			sourceTree = "<group>";
		};
/* End PBXVariantGroup section */

/* Begin XCBuildConfiguration section */
		A642563E1C5D4E210056F3F2 /* Debug */ = {
			isa = XCBuildConfiguration;
			buildSettings = {
				ALWAYS_SEARCH_USER_PATHS = NO;
				CLANG_CXX_LANGUAGE_STANDARD = "gnu++0x";
				CLANG_CXX_LIBRARY = "libc++";
				CLANG_ENABLE_MODULES = YES;
				CLANG_ENABLE_OBJC_ARC = YES;
				CLANG_WARN_BOOL_CONVERSION = YES;
				CLANG_WARN_CONSTANT_CONVERSION = YES;
				CLANG_WARN_DIRECT_OBJC_ISA_USAGE = YES_ERROR;
				CLANG_WARN_EMPTY_BODY = YES;
				CLANG_WARN_ENUM_CONVERSION = YES;
				CLANG_WARN_INT_CONVERSION = YES;
				CLANG_WARN_OBJC_ROOT_CLASS = YES_ERROR;
				CLANG_WARN_UNREACHABLE_CODE = YES;
				CLANG_WARN__DUPLICATE_METHOD_MATCH = YES;
				"CODE_SIGN_IDENTITY[sdk=iphoneos*]" = "iPhone Developer";
				COPY_PHASE_STRIP = NO;
				DEBUG_INFORMATION_FORMAT = dwarf;
				ENABLE_STRICT_OBJC_MSGSEND = YES;
				ENABLE_TESTABILITY = YES;
				GCC_C_LANGUAGE_STANDARD = gnu99;
				GCC_DYNAMIC_NO_PIC = NO;
				GCC_NO_COMMON_BLOCKS = YES;
				GCC_OPTIMIZATION_LEVEL = 0;
				GCC_PREPROCESSOR_DEFINITIONS = (
					"DEBUG=1",
					"$(inherited)",
				);
				GCC_WARN_64_TO_32_BIT_CONVERSION = YES;
				GCC_WARN_ABOUT_RETURN_TYPE = YES_ERROR;
				GCC_WARN_UNDECLARED_SELECTOR = YES;
				GCC_WARN_UNINITIALIZED_AUTOS = YES_AGGRESSIVE;
				GCC_WARN_UNUSED_FUNCTION = YES;
				GCC_WARN_UNUSED_VARIABLE = YES;
				IPHONEOS_DEPLOYMENT_TARGET = 9.2;
				MTL_ENABLE_DEBUG_INFO = YES;
				ONLY_ACTIVE_ARCH = YES;
				SDKROOT = iphoneos;
				SWIFT_OPTIMIZATION_LEVEL = "-Onone";
				TARGETED_DEVICE_FAMILY = "1,2";
			};
			name = Debug;
		};
		A642563F1C5D4E210056F3F2 /* Release */ = {
			isa = XCBuildConfiguration;
			buildSettings = {
				ALWAYS_SEARCH_USER_PATHS = NO;
				CLANG_CXX_LANGUAGE_STANDARD = "gnu++0x";
				CLANG_CXX_LIBRARY = "libc++";
				CLANG_ENABLE_MODULES = YES;
				CLANG_ENABLE_OBJC_ARC = YES;
				CLANG_WARN_BOOL_CONVERSION = YES;
				CLANG_WARN_CONSTANT_CONVERSION = YES;
				CLANG_WARN_DIRECT_OBJC_ISA_USAGE = YES_ERROR;
				CLANG_WARN_EMPTY_BODY = YES;
				CLANG_WARN_ENUM_CONVERSION = YES;
				CLANG_WARN_INT_CONVERSION = YES;
				CLANG_WARN_OBJC_ROOT_CLASS = YES_ERROR;
				CLANG_WARN_UNREACHABLE_CODE = YES;
				CLANG_WARN__DUPLICATE_METHOD_MATCH = YES;
				"CODE_SIGN_IDENTITY[sdk=iphoneos*]" = "iPhone Developer";
				COPY_PHASE_STRIP = NO;
				DEBUG_INFORMATION_FORMAT = "dwarf-with-dsym";
				ENABLE_NS_ASSERTIONS = NO;
				ENABLE_STRICT_OBJC_MSGSEND = YES;
				GCC_C_LANGUAGE_STANDARD = gnu99;
				GCC_NO_COMMON_BLOCKS = YES;
				GCC_WARN_64_TO_32_BIT_CONVERSION = YES;
				GCC_WARN_ABOUT_RETURN_TYPE = YES_ERROR;
				GCC_WARN_UNDECLARED_SELECTOR = YES;
				GCC_WARN_UNINITIALIZED_AUTOS = YES_AGGRESSIVE;
				GCC_WARN_UNUSED_FUNCTION = YES;
				GCC_WARN_UNUSED_VARIABLE = YES;
				IPHONEOS_DEPLOYMENT_TARGET = 9.2;
				MTL_ENABLE_DEBUG_INFO = NO;
				SDKROOT = iphoneos;
				TARGETED_DEVICE_FAMILY = "1,2";
				VALIDATE_PRODUCT = YES;
			};
			name = Release;
		};
		A64256411C5D4E210056F3F2 /* Debug */ = {
			isa = XCBuildConfiguration;
			buildSettings = {
				ASSETCATALOG_COMPILER_APPICON_NAME = AppIcon;
				INFOPLIST_FILE = Mixit/Info.plist;
				LD_RUNPATH_SEARCH_PATHS = "$(inherited) @executable_path/Frameworks";
				PRODUCT_BUNDLE_IDENTIFIER = com.MixMusicProduction.Mixit;
				PRODUCT_NAME = "$(TARGET_NAME)";
			};
			name = Debug;
		};
		A64256421C5D4E210056F3F2 /* Release */ = {
			isa = XCBuildConfiguration;
			buildSettings = {
				ASSETCATALOG_COMPILER_APPICON_NAME = AppIcon;
				INFOPLIST_FILE = Mixit/Info.plist;
				LD_RUNPATH_SEARCH_PATHS = "$(inherited) @executable_path/Frameworks";
				PRODUCT_BUNDLE_IDENTIFIER = com.MixMusicProduction.Mixit;
				PRODUCT_NAME = "$(TARGET_NAME)";
			};
			name = Release;
		};
		A64256441C5D4E210056F3F2 /* Debug */ = {
			isa = XCBuildConfiguration;
			buildSettings = {
				BUNDLE_LOADER = "$(TEST_HOST)";
				INFOPLIST_FILE = MixitTests/Info.plist;
				LD_RUNPATH_SEARCH_PATHS = "$(inherited) @executable_path/Frameworks @loader_path/Frameworks";
				PRODUCT_BUNDLE_IDENTIFIER = com.MixMusicProduction.MixitTests;
				PRODUCT_NAME = "$(TARGET_NAME)";
				TEST_HOST = "$(BUILT_PRODUCTS_DIR)/Mixit.app/Mixit";
			};
			name = Debug;
		};
		A64256451C5D4E210056F3F2 /* Release */ = {
			isa = XCBuildConfiguration;
			buildSettings = {
				BUNDLE_LOADER = "$(TEST_HOST)";
				INFOPLIST_FILE = MixitTests/Info.plist;
				LD_RUNPATH_SEARCH_PATHS = "$(inherited) @executable_path/Frameworks @loader_path/Frameworks";
				PRODUCT_BUNDLE_IDENTIFIER = com.MixMusicProduction.MixitTests;
				PRODUCT_NAME = "$(TARGET_NAME)";
				TEST_HOST = "$(BUILT_PRODUCTS_DIR)/Mixit.app/Mixit";
			};
			name = Release;
		};
		A64256471C5D4E210056F3F2 /* Debug */ = {
			isa = XCBuildConfiguration;
			buildSettings = {
				INFOPLIST_FILE = MixitUITests/Info.plist;
				LD_RUNPATH_SEARCH_PATHS = "$(inherited) @executable_path/Frameworks @loader_path/Frameworks";
				PRODUCT_BUNDLE_IDENTIFIER = com.MixMusicProduction.MixitUITests;
				PRODUCT_NAME = "$(TARGET_NAME)";
				TEST_TARGET_NAME = Mixit;
				USES_XCTRUNNER = YES;
			};
			name = Debug;
		};
		A64256481C5D4E210056F3F2 /* Release */ = {
			isa = XCBuildConfiguration;
			buildSettings = {
				INFOPLIST_FILE = MixitUITests/Info.plist;
				LD_RUNPATH_SEARCH_PATHS = "$(inherited) @executable_path/Frameworks @loader_path/Frameworks";
				PRODUCT_BUNDLE_IDENTIFIER = com.MixMusicProduction.MixitUITests;
				PRODUCT_NAME = "$(TARGET_NAME)";
				TEST_TARGET_NAME = Mixit;
				USES_XCTRUNNER = YES;
			};
			name = Release;
		};
/* End XCBuildConfiguration section */

/* Begin XCConfigurationList section */
		A64256101C5D4E210056F3F2 /* Build configuration list for PBXProject "Mixit" */ = {
			isa = XCConfigurationList;
			buildConfigurations = (
				A642563E1C5D4E210056F3F2 /* Debug */,
				A642563F1C5D4E210056F3F2 /* Release */,
			);
			defaultConfigurationIsVisible = 0;
			defaultConfigurationName = Release;
		};
		A64256401C5D4E210056F3F2 /* Build configuration list for PBXNativeTarget "Mixit" */ = {
			isa = XCConfigurationList;
			buildConfigurations = (
				A64256411C5D4E210056F3F2 /* Debug */,
				A64256421C5D4E210056F3F2 /* Release */,
			);
			defaultConfigurationIsVisible = 0;
			defaultConfigurationName = Release;
		};
		A64256431C5D4E210056F3F2 /* Build configuration list for PBXNativeTarget "MixitTests" */ = {
			isa = XCConfigurationList;
			buildConfigurations = (
				A64256441C5D4E210056F3F2 /* Debug */,
				A64256451C5D4E210056F3F2 /* Release */,
			);
			defaultConfigurationIsVisible = 0;
			defaultConfigurationName = Release;
		};
		A64256461C5D4E210056F3F2 /* Build configuration list for PBXNativeTarget "MixitUITests" */ = {
			isa = XCConfigurationList;
			buildConfigurations = (
				A64256471C5D4E210056F3F2 /* Debug */,
				A64256481C5D4E210056F3F2 /* Release */,
			);
			defaultConfigurationIsVisible = 0;
			defaultConfigurationName = Release;
		};
/* End XCConfigurationList section */

/* Begin XCVersionGroup section */
		A642561F1C5D4E210056F3F2 /* Mixit.xcdatamodeld */ = {
			isa = XCVersionGroup;
			children = (
				A64256201C5D4E210056F3F2 /* Mixit.xcdatamodel */,
			);
			currentVersion = A64256201C5D4E210056F3F2 /* Mixit.xcdatamodel */;
			path = Mixit.xcdatamodeld;
			sourceTree = "<group>";
			versionGroupType = wrapper.xcdatamodel;
		};
/* End XCVersionGroup section */
	};
	rootObject = A642560D1C5D4E210056F3F2 /* Project object */;
}
